
Microsoft Visual Studio Solution File, Format Version 12.00
# Visual Studio 2012
Project("{FAE04EC0-301F-11D3-BF4B-00C04F79EFBC}") = "PostSharp.Toolkit.Threading.Net45", "PostSharp.Toolkit.Threading.Net45.csproj", "{8E92EC6A-8A97-4209-996F-D6348237C641}"
EndProject
Project("{FAE04EC0-301F-11D3-BF4B-00C04F79EFBC}") = "UnitTestProject1", "..\UnitTestProject1\UnitTestProject1.csproj", "{447FCF97-CE94-4931-A0A9-3B548A5B5EC9}"
EndProject
Global
	GlobalSection(SolutionConfigurationPlatforms) = preSolution
		Debug|Any CPU = Debug|Any CPU
		Release|Any CPU = Release|Any CPU
	EndGlobalSection
	GlobalSection(ProjectConfigurationPlatforms) = postSolution
		{447FCF97-CE94-4931-A0A9-3B548A5B5EC9}.Debug|Any CPU.ActiveCfg = Debug|Any CPU
		{447FCF97-CE94-4931-A0A9-3B548A5B5EC9}.Debug|Any CPU.Build.0 = Debug|Any CPU
		{447FCF97-CE94-4931-A0A9-3B548A5B5EC9}.Release|Any CPU.ActiveCfg = Release|Any CPU
		{447FCF97-CE94-4931-A0A9-3B548A5B5EC9}.Release|Any CPU.Build.0 = Release|Any CPU
		{8E92EC6A-8A97-4209-996F-D6348237C641}.Debug|Any CPU.ActiveCfg = Debug|Any CPU
		{8E92EC6A-8A97-4209-996F-D6348237C641}.Debug|Any CPU.Build.0 = Debug|Any CPU
		{8E92EC6A-8A97-4209-996F-D6348237C641}.Release|Any CPU.ActiveCfg = Release|Any CPU
		{8E92EC6A-8A97-4209-996F-D6348237C641}.Release|Any CPU.Build.0 = Release|Any CPU
	EndGlobalSection
	GlobalSection(SolutionProperties) = preSolution
		HideSolutionNode = FALSE
	EndGlobalSection
EndGlobal
